// !$*UTF8*$!
{
	archiveVersion = 1;
	classes = {
	};
	objectVersion = 46;
	objects = {

/* Begin PBXBuildFile section */
		635C843C9EA32FF6CE036784 /* Pods.framework in Frameworks */ = {isa = PBXBuildFile; fileRef = 79A5E46EC55E8D1CE7AF24FA /* Pods.framework */; };
		9B21A7B41C27E49A00061A86 /* AppDelegate.swift in Sources */ = {isa = PBXBuildFile; fileRef = 9B21A7B31C27E49A00061A86 /* AppDelegate.swift */; };
		9B21A7B61C27E49A00061A86 /* ViewController.swift in Sources */ = {isa = PBXBuildFile; fileRef = 9B21A7B51C27E49A00061A86 /* ViewController.swift */; };
		9B21A7B91C27E49A00061A86 /* Main.storyboard in Resources */ = {isa = PBXBuildFile; fileRef = 9B21A7B71C27E49A00061A86 /* Main.storyboard */; };
		9B21A7BB1C27E49A00061A86 /* Assets.xcassets in Resources */ = {isa = PBXBuildFile; fileRef = 9B21A7BA1C27E49A00061A86 /* Assets.xcassets */; };
		9B21A7BE1C27E49A00061A86 /* LaunchScreen.storyboard in Resources */ = {isa = PBXBuildFile; fileRef = 9B21A7BC1C27E49A00061A86 /* LaunchScreen.storyboard */; };
		9B21A7C91C27E49A00061A86 /* AutolayoutScrollViewInCodeTests.swift in Sources */ = {isa = PBXBuildFile; fileRef = 9B21A7C81C27E49A00061A86 /* AutolayoutScrollViewInCodeTests.swift */; };
		9B21A7D41C27E49A00061A86 /* AutolayoutScrollViewInCodeUITests.swift in Sources */ = {isa = PBXBuildFile; fileRef = 9B21A7D31C27E49A00061A86 /* AutolayoutScrollViewInCodeUITests.swift */; };
/* End PBXBuildFile section */

/* Begin PBXContainerItemProxy section */
		9B21A7C51C27E49A00061A86 /* PBXContainerItemProxy */ = {
			isa = PBXContainerItemProxy;
			containerPortal = 9B21A7A81C27E49A00061A86 /* Project object */;
			proxyType = 1;
			remoteGlobalIDString = 9B21A7AF1C27E49A00061A86;
			remoteInfo = AutolayoutScrollViewInCode;
		};
		9B21A7D01C27E49A00061A86 /* PBXContainerItemProxy */ = {
			isa = PBXContainerItemProxy;
			containerPortal = 9B21A7A81C27E49A00061A86 /* Project object */;
			proxyType = 1;
			remoteGlobalIDString = 9B21A7AF1C27E49A00061A86;
			remoteInfo = AutolayoutScrollViewInCode;
		};
/* End PBXContainerItemProxy section */

/* Begin PBXFileReference section */
		08EE6A91EC5A4A5225BD8DDE /* Pods.debug.xcconfig */ = {isa = PBXFileReference; includeInIndex = 1; lastKnownFileType = text.xcconfig; name = Pods.debug.xcconfig; path = "Pods/Target Support Files/Pods/Pods.debug.xcconfig"; sourceTree = "<group>"; };
		4A5F929500E679701B1FD0C4 /* Pods.release.xcconfig */ = {isa = PBXFileReference; includeInIndex = 1; lastKnownFileType = text.xcconfig; name = Pods.release.xcconfig; path = "Pods/Target Support Files/Pods/Pods.release.xcconfig"; sourceTree = "<group>"; };
		79A5E46EC55E8D1CE7AF24FA /* Pods.framework */ = {isa = PBXFileReference; explicitFileType = wrapper.framework; includeInIndex = 0; path = Pods.framework; sourceTree = BUILT_PRODUCTS_DIR; };
		9B21A7B01C27E49A00061A86 /* AutolayoutScrollViewInCode.app */ = {isa = PBXFileReference; explicitFileType = wrapper.application; includeInIndex = 0; path = AutolayoutScrollViewInCode.app; sourceTree = BUILT_PRODUCTS_DIR; };
		9B21A7B31C27E49A00061A86 /* AppDelegate.swift */ = {isa = PBXFileReference; lastKnownFileType = sourcecode.swift; path = AppDelegate.swift; sourceTree = "<group>"; };
		9B21A7B51C27E49A00061A86 /* ViewController.swift */ = {isa = PBXFileReference; lastKnownFileType = sourcecode.swift; path = ViewController.swift; sourceTree = "<group>"; };
		9B21A7B81C27E49A00061A86 /* Base */ = {isa = PBXFileReference; lastKnownFileType = file.storyboard; name = Base; path = Base.lproj/Main.storyboard; sourceTree = "<group>"; };
		9B21A7BA1C27E49A00061A86 /* Assets.xcassets */ = {isa = PBXFileReference; lastKnownFileType = folder.assetcatalog; path = Assets.xcassets; sourceTree = "<group>"; };
		9B21A7BD1C27E49A00061A86 /* Base */ = {isa = PBXFileReference; lastKnownFileType = file.storyboard; name = Base; path = Base.lproj/LaunchScreen.storyboard; sourceTree = "<group>"; };
		9B21A7BF1C27E49A00061A86 /* Info.plist */ = {isa = PBXFileReference; lastKnownFileType = text.plist.xml; path = Info.plist; sourceTree = "<group>"; };
		9B21A7C41C27E49A00061A86 /* AutolayoutScrollViewInCodeTests.xctest */ = {isa = PBXFileReference; explicitFileType = wrapper.cfbundle; includeInIndex = 0; path = AutolayoutScrollViewInCodeTests.xctest; sourceTree = BUILT_PRODUCTS_DIR; };
		9B21A7C81C27E49A00061A86 /* AutolayoutScrollViewInCodeTests.swift */ = {isa = PBXFileReference; lastKnownFileType = sourcecode.swift; path = AutolayoutScrollViewInCodeTests.swift; sourceTree = "<group>"; };
		9B21A7CA1C27E49A00061A86 /* Info.plist */ = {isa = PBXFileReference; lastKnownFileType = text.plist.xml; path = Info.plist; sourceTree = "<group>"; };
		9B21A7CF1C27E49A00061A86 /* AutolayoutScrollViewInCodeUITests.xctest */ = {isa = PBXFileReference; explicitFileType = wrapper.cfbundle; includeInIndex = 0; path = AutolayoutScrollViewInCodeUITests.xctest; sourceTree = BUILT_PRODUCTS_DIR; };
		9B21A7D31C27E49A00061A86 /* AutolayoutScrollViewInCodeUITests.swift */ = {isa = PBXFileReference; lastKnownFileType = sourcecode.swift; path = AutolayoutScrollViewInCodeUITests.swift; sourceTree = "<group>"; };
		9B21A7D51C27E49A00061A86 /* Info.plist */ = {isa = PBXFileReference; lastKnownFileType = text.plist.xml; path = Info.plist; sourceTree = "<group>"; };
/* End PBXFileReference section */

/* Begin PBXFrameworksBuildPhase section */
		9B21A7AD1C27E49A00061A86 /* Frameworks */ = {
			isa = PBXFrameworksBuildPhase;
			buildActionMask = 2147483647;
			files = (
				635C843C9EA32FF6CE036784 /* Pods.framework in Frameworks */,
			);
			runOnlyForDeploymentPostprocessing = 0;
		};
		9B21A7C11C27E49A00061A86 /* Frameworks */ = {
			isa = PBXFrameworksBuildPhase;
			buildActionMask = 2147483647;
			files = (
			);
			runOnlyForDeploymentPostprocessing = 0;
		};
		9B21A7CC1C27E49A00061A86 /* Frameworks */ = {
			isa = PBXFrameworksBuildPhase;
			buildActionMask = 2147483647;
			files = (
			);
			runOnlyForDeploymentPostprocessing = 0;
		};
/* End PBXFrameworksBuildPhase section */

/* Begin PBXGroup section */
		3FB68DA53FAFDB9291D8001F /* Pods */ = {
			isa = PBXGroup;
			children = (
				08EE6A91EC5A4A5225BD8DDE /* Pods.debug.xcconfig */,
				4A5F929500E679701B1FD0C4 /* Pods.release.xcconfig */,
			);
			name = Pods;
			sourceTree = "<group>";
		};
		9B21A7A71C27E49A00061A86 = {
			isa = PBXGroup;
			children = (
				9B21A7B21C27E49A00061A86 /* AutolayoutScrollViewInCode */,
				9B21A7C71C27E49A00061A86 /* AutolayoutScrollViewInCodeTests */,
				9B21A7D21C27E49A00061A86 /* AutolayoutScrollViewInCodeUITests */,
				9B21A7B11C27E49A00061A86 /* Products */,
				3FB68DA53FAFDB9291D8001F /* Pods */,
				BCC52D3E4856838FBF3CE87D /* Frameworks */,
			);
			sourceTree = "<group>";
		};
		9B21A7B11C27E49A00061A86 /* Products */ = {
			isa = PBXGroup;
			children = (
				9B21A7B01C27E49A00061A86 /* AutolayoutScrollViewInCode.app */,
				9B21A7C41C27E49A00061A86 /* AutolayoutScrollViewInCodeTests.xctest */,
				9B21A7CF1C27E49A00061A86 /* AutolayoutScrollViewInCodeUITests.xctest */,
			);
			name = Products;
			sourceTree = "<group>";
		};
		9B21A7B21C27E49A00061A86 /* AutolayoutScrollViewInCode */ = {
			isa = PBXGroup;
			children = (
				9B21A7B31C27E49A00061A86 /* AppDelegate.swift */,
				9B21A7B51C27E49A00061A86 /* ViewController.swift */,
				9B21A7B71C27E49A00061A86 /* Main.storyboard */,
				9B21A7BA1C27E49A00061A86 /* Assets.xcassets */,
				9B21A7BC1C27E49A00061A86 /* LaunchScreen.storyboard */,
				9B21A7BF1C27E49A00061A86 /* Info.plist */,
			);
			path = AutolayoutScrollViewInCode;
			sourceTree = "<group>";
		};
		9B21A7C71C27E49A00061A86 /* AutolayoutScrollViewInCodeTests */ = {
			isa = PBXGroup;
			children = (
				9B21A7C81C27E49A00061A86 /* AutolayoutScrollViewInCodeTests.swift */,
				9B21A7CA1C27E49A00061A86 /* Info.plist */,
			);
			path = AutolayoutScrollViewInCodeTests;
			sourceTree = "<group>";
		};
		9B21A7D21C27E49A00061A86 /* AutolayoutScrollViewInCodeUITests */ = {
			isa = PBXGroup;
			children = (
				9B21A7D31C27E49A00061A86 /* AutolayoutScrollViewInCodeUITests.swift */,
				9B21A7D51C27E49A00061A86 /* Info.plist */,
			);
			path = AutolayoutScrollViewInCodeUITests;
			sourceTree = "<group>";
		};
		BCC52D3E4856838FBF3CE87D /* Frameworks */ = {
			isa = PBXGroup;
			children = (
				79A5E46EC55E8D1CE7AF24FA /* Pods.framework */,
			);
			name = Frameworks;
			sourceTree = "<group>";
		};
/* End PBXGroup section */

/* Begin PBXNativeTarget section */
		9B21A7AF1C27E49A00061A86 /* AutolayoutScrollViewInCode */ = {
			isa = PBXNativeTarget;
			buildConfigurationList = 9B21A7D81C27E49A00061A86 /* Build configuration list for PBXNativeTarget "AutolayoutScrollViewInCode" */;
			buildPhases = (
				9570AABB8266E289C67BD6D8 /* Check Pods Manifest.lock */,
				9B21A7AC1C27E49A00061A86 /* Sources */,
				9B21A7AD1C27E49A00061A86 /* Frameworks */,
				9B21A7AE1C27E49A00061A86 /* Resources */,
				31CC51A9BF2768A04F764524 /* Embed Pods Frameworks */,
				4C894D339F1E3D27D81583A5 /* Copy Pods Resources */,
			);
			buildRules = (
			);
			dependencies = (
			);
			name = AutolayoutScrollViewInCode;
			productName = AutolayoutScrollViewInCode;
			productReference = 9B21A7B01C27E49A00061A86 /* AutolayoutScrollViewInCode.app */;
			productType = "com.apple.product-type.application";
		};
		9B21A7C31C27E49A00061A86 /* AutolayoutScrollViewInCodeTests */ = {
			isa = PBXNativeTarget;
			buildConfigurationList = 9B21A7DB1C27E49A00061A86 /* Build configuration list for PBXNativeTarget "AutolayoutScrollViewInCodeTests" */;
			buildPhases = (
				9B21A7C01C27E49A00061A86 /* Sources */,
				9B21A7C11C27E49A00061A86 /* Frameworks */,
				9B21A7C21C27E49A00061A86 /* Resources */,
			);
			buildRules = (
			);
			dependencies = (
				9B21A7C61C27E49A00061A86 /* PBXTargetDependency */,
			);
			name = AutolayoutScrollViewInCodeTests;
			productName = AutolayoutScrollViewInCodeTests;
			productReference = 9B21A7C41C27E49A00061A86 /* AutolayoutScrollViewInCodeTests.xctest */;
			productType = "com.apple.product-type.bundle.unit-test";
		};
		9B21A7CE1C27E49A00061A86 /* AutolayoutScrollViewInCodeUITests */ = {
			isa = PBXNativeTarget;
			buildConfigurationList = 9B21A7DE1C27E49A00061A86 /* Build configuration list for PBXNativeTarget "AutolayoutScrollViewInCodeUITests" */;
			buildPhases = (
				9B21A7CB1C27E49A00061A86 /* Sources */,
				9B21A7CC1C27E49A00061A86 /* Frameworks */,
				9B21A7CD1C27E49A00061A86 /* Resources */,
			);
			buildRules = (
			);
			dependencies = (
				9B21A7D11C27E49A00061A86 /* PBXTargetDependency */,
			);
			name = AutolayoutScrollViewInCodeUITests;
			productName = AutolayoutScrollViewInCodeUITests;
			productReference = 9B21A7CF1C27E49A00061A86 /* AutolayoutScrollViewInCodeUITests.xctest */;
			productType = "com.apple.product-type.bundle.ui-testing";
		};
/* End PBXNativeTarget section */

/* Begin PBXProject section */
		9B21A7A81C27E49A00061A86 /* Project object */ = {
			isa = PBXProject;
			attributes = {
				LastSwiftUpdateCheck = 0720;
				LastUpgradeCheck = 0720;
				ORGANIZATIONNAME = "张星宇";
				TargetAttributes = {
					9B21A7AF1C27E49A00061A86 = {
						CreatedOnToolsVersion = 7.2;
						DevelopmentTeam = 9MV3SKTBP7;
					};
					9B21A7C31C27E49A00061A86 = {
						CreatedOnToolsVersion = 7.2;
						DevelopmentTeam = 9MV3SKTBP7;
						TestTargetID = 9B21A7AF1C27E49A00061A86;
					};
					9B21A7CE1C27E49A00061A86 = {
						CreatedOnToolsVersion = 7.2;
						DevelopmentTeam = 9MV3SKTBP7;
						TestTargetID = 9B21A7AF1C27E49A00061A86;
					};
				};
			};
			buildConfigurationList = 9B21A7AB1C27E49A00061A86 /* Build configuration list for PBXProject "AutolayoutScrollViewInCode" */;
			compatibilityVersion = "Xcode 3.2";
			developmentRegion = English;
			hasScannedForEncodings = 0;
			knownRegions = (
				en,
				Base,
			);
			mainGroup = 9B21A7A71C27E49A00061A86;
			productRefGroup = 9B21A7B11C27E49A00061A86 /* Products */;
			projectDirPath = "";
			projectRoot = "";
			targets = (
				9B21A7AF1C27E49A00061A86 /* AutolayoutScrollViewInCode */,
				9B21A7C31C27E49A00061A86 /* AutolayoutScrollViewInCodeTests */,
				9B21A7CE1C27E49A00061A86 /* AutolayoutScrollViewInCodeUITests */,
			);
		};
/* End PBXProject section */

/* Begin PBXResourcesBuildPhase section */
		9B21A7AE1C27E49A00061A86 /* Resources */ = {
			isa = PBXResourcesBuildPhase;
			buildActionMask = 2147483647;
			files = (
				9B21A7BE1C27E49A00061A86 /* LaunchScreen.storyboard in Resources */,
				9B21A7BB1C27E49A00061A86 /* Assets.xcassets in Resources */,
				9B21A7B91C27E49A00061A86 /* Main.storyboard in Resources */,
			);
			runOnlyForDeploymentPostprocessing = 0;
		};
		9B21A7C21C27E49A00061A86 /* Resources */ = {
			isa = PBXResourcesBuildPhase;
			buildActionMask = 2147483647;
			files = (
			);
			runOnlyForDeploymentPostprocessing = 0;
		};
		9B21A7CD1C27E49A00061A86 /* Resources */ = {
			isa = PBXResourcesBuildPhase;
			buildActionMask = 2147483647;
			files = (
			);
			runOnlyForDeploymentPostprocessing = 0;
		};
/* End PBXResourcesBuildPhase section */

/* Begin PBXShellScriptBuildPhase section */
		31CC51A9BF2768A04F764524 /* Embed Pods Frameworks */ = {
			isa = PBXShellScriptBuildPhase;
			buildActionMask = 2147483647;
			files = (
			);
			inputPaths = (
			);
			name = "Embed Pods Frameworks";
			outputPaths = (
			);
			runOnlyForDeploymentPostprocessing = 0;
			shellPath = /bin/sh;
			shellScript = "\"${SRCROOT}/Pods/Target Support Files/Pods/Pods-frameworks.sh\"\n";
			showEnvVarsInLog = 0;
		};
		4C894D339F1E3D27D81583A5 /* Copy Pods Resources */ = {
			isa = PBXShellScriptBuildPhase;
			buildActionMask = 2147483647;
			files = (
			);
			inputPaths = (
			);
			name = "Copy Pods Resources";
			outputPaths = (
			);
			runOnlyForDeploymentPostprocessing = 0;
			shellPath = /bin/sh;
			shellScript = "\"${SRCROOT}/Pods/Target Support Files/Pods/Pods-resources.sh\"\n";
			showEnvVarsInLog = 0;
		};
		9570AABB8266E289C67BD6D8 /* Check Pods Manifest.lock */ = {
			isa = PBXShellScriptBuildPhase;
			buildActionMask = 2147483647;
			files = (
			);
			inputPaths = (
			);
			name = "Check Pods Manifest.lock";
			outputPaths = (
			);
			runOnlyForDeploymentPostprocessing = 0;
			shellPath = /bin/sh;
			shellScript = "diff \"${PODS_ROOT}/../Podfile.lock\" \"${PODS_ROOT}/Manifest.lock\" > /dev/null\nif [[ $? != 0 ]] ; then\n    cat << EOM\nerror: The sandbox is not in sync with the Podfile.lock. Run 'pod install' or update your CocoaPods installation.\nEOM\n    exit 1\nfi\n";
			showEnvVarsInLog = 0;
		};
/* End PBXShellScriptBuildPhase section */

/* Begin PBXSourcesBuildPhase section */
		9B21A7AC1C27E49A00061A86 /* Sources */ = {
			isa = PBXSourcesBuildPhase;
			buildActionMask = 2147483647;
			files = (
				9B21A7B61C27E49A00061A86 /* ViewController.swift in Sources */,
				9B21A7B41C27E49A00061A86 /* AppDelegate.swift in Sources */,
			);
			runOnlyForDeploymentPostprocessing = 0;
		};
		9B21A7C01C27E49A00061A86 /* Sources */ = {
			isa = PBXSourcesBuildPhase;
			buildActionMask = 2147483647;
			files = (
				9B21A7C91C27E49A00061A86 /* AutolayoutScrollViewInCodeTests.swift in Sources */,
			);
			runOnlyForDeploymentPostprocessing = 0;
		};
		9B21A7CB1C27E49A00061A86 /* Sources */ = {
			isa = PBXSourcesBuildPhase;
			buildActionMask = 2147483647;
			files = (
				9B21A7D41C27E49A00061A86 /* AutolayoutScrollViewInCodeUITests.swift in Sources */,
			);
			runOnlyForDeploymentPostprocessing = 0;
		};
/* End PBXSourcesBuildPhase section */

/* Begin PBXTargetDependency section */
		9B21A7C61C27E49A00061A86 /* PBXTargetDependency */ = {
			isa = PBXTargetDependency;
			target = 9B21A7AF1C27E49A00061A86 /* AutolayoutScrollViewInCode */;
			targetProxy = 9B21A7C51C27E49A00061A86 /* PBXContainerItemProxy */;
		};
		9B21A7D11C27E49A00061A86 /* PBXTargetDependency */ = {
			isa = PBXTargetDependency;
			target = 9B21A7AF1C27E49A00061A86 /* AutolayoutScrollViewInCode */;
			targetProxy = 9B21A7D01C27E49A00061A86 /* PBXContainerItemProxy */;
		};
/* End PBXTargetDependency section */

/* Begin PBXVariantGroup section */
		9B21A7B71C27E49A00061A86 /* Main.storyboard */ = {
			isa = PBXVariantGroup;
			children = (
				9B21A7B81C27E49A00061A86 /* Base */,
			);
			name = Main.storyboard;
			sourceTree = "<group>";
		};
		9B21A7BC1C27E49A00061A86 /* LaunchScreen.storyboard */ = {
			isa = PBXVariantGroup;
			children = (
				9B21A7BD1C27E49A00061A86 /* Base */,
			);
			name = LaunchScreen.storyboard;
			sourceTree = "<group>";
		};
/* End PBXVariantGroup section */

/* Begin XCBuildConfiguration section */
		9B21A7D61C27E49A00061A86 /* Debug */ = {
			isa = XCBuildConfiguration;
			buildSettings = {
				ALWAYS_SEARCH_USER_PATHS = NO;
				CLANG_CXX_LANGUAGE_STANDARD = "gnu++0x";
				CLANG_CXX_LIBRARY = "libc++";
				CLANG_ENABLE_MODULES = YES;
				CLANG_ENABLE_OBJC_ARC = YES;
				CLANG_WARN_BOOL_CONVERSION = YES;
				CLANG_WARN_CONSTANT_CONVERSION = YES;
				CLANG_WARN_DIRECT_OBJC_ISA_USAGE = YES_ERROR;
				CLANG_WARN_EMPTY_BODY = YES;
				CLANG_WARN_ENUM_CONVERSION = YES;
				CLANG_WARN_INT_CONVERSION = YES;
				CLANG_WARN_OBJC_ROOT_CLASS = YES_ERROR;
				CLANG_WARN_UNREACHABLE_CODE = YES;
				CLANG_WARN__DUPLICATE_METHOD_MATCH = YES;
				"CODE_SIGN_IDENTITY[sdk=iphoneos*]" = "iPhone Developer";
				COPY_PHASE_STRIP = NO;
				DEBUG_INFORMATION_FORMAT = dwarf;
				ENABLE_STRICT_OBJC_MSGSEND = YES;
				ENABLE_TESTABILITY = YES;
				GCC_C_LANGUAGE_STANDARD = gnu99;
				GCC_DYNAMIC_NO_PIC = NO;
				GCC_NO_COMMON_BLOCKS = YES;
				GCC_OPTIMIZATION_LEVEL = 0;
				GCC_PREPROCESSOR_DEFINITIONS = (
					"DEBUG=1",
					"$(inherited)",
				);
				GCC_WARN_64_TO_32_BIT_CONVERSION = YES;
				GCC_WARN_ABOUT_RETURN_TYPE = YES_ERROR;
				GCC_WARN_UNDECLARED_SELECTOR = YES;
				GCC_WARN_UNINITIALIZED_AUTOS = YES_AGGRESSIVE;
				GCC_WARN_UNUSED_FUNCTION = YES;
				GCC_WARN_UNUSED_VARIABLE = YES;
				IPHONEOS_DEPLOYMENT_TARGET = 9.2;
				MTL_ENABLE_DEBUG_INFO = YES;
				ONLY_ACTIVE_ARCH = YES;
				SDKROOT = iphoneos;
				SWIFT_OPTIMIZATION_LEVEL = "-Onone";
			};
			name = Debug;
		};
		9B21A7D71C27E49A00061A86 /* Release */ = {
			isa = XCBuildConfiguration;
			buildSettings = {
				ALWAYS_SEARCH_USER_PATHS = NO;
				CLANG_CXX_LANGUAGE_STANDARD = "gnu++0x";
				CLANG_CXX_LIBRARY = "libc++";
				CLANG_ENABLE_MODULES = YES;
				CLANG_ENABLE_OBJC_ARC = YES;
				CLANG_WARN_BOOL_CONVERSION = YES;
				CLANG_WARN_CONSTANT_CONVERSION = YES;
				CLANG_WARN_DIRECT_OBJC_ISA_USAGE = YES_ERROR;
				CLANG_WARN_EMPTY_BODY = YES;
				CLANG_WARN_ENUM_CONVERSION = YES;
				CLANG_WARN_INT_CONVERSION = YES;
				CLANG_WARN_OBJC_ROOT_CLASS = YES_ERROR;
				CLANG_WARN_UNREACHABLE_CODE = YES;
				CLANG_WARN__DUPLICATE_METHOD_MATCH = YES;
				"CODE_SIGN_IDENTITY[sdk=iphoneos*]" = "iPhone Developer";
				COPY_PHASE_STRIP = NO;
				DEBUG_INFORMATION_FORMAT = "dwarf-with-dsym";
				ENABLE_NS_ASSERTIONS = NO;
				ENABLE_STRICT_OBJC_MSGSEND = YES;
				GCC_C_LANGUAGE_STANDARD = gnu99;
				GCC_NO_COMMON_BLOCKS = YES;
				GCC_WARN_64_TO_32_BIT_CONVERSION = YES;
				GCC_WARN_ABOUT_RETURN_TYPE = YES_ERROR;
				GCC_WARN_UNDECLARED_SELECTOR = YES;
				GCC_WARN_UNINITIALIZED_AUTOS = YES_AGGRESSIVE;
				GCC_WARN_UNUSED_FUNCTION = YES;
				GCC_WARN_UNUSED_VARIABLE = YES;
				IPHONEOS_DEPLOYMENT_TARGET = 9.2;
				MTL_ENABLE_DEBUG_INFO = NO;
				SDKROOT = iphoneos;
				VALIDATE_PRODUCT = YES;
			};
			name = Release;
		};
		9B21A7D91C27E49A00061A86 /* Debug */ = {
			isa = XCBuildConfiguration;
			baseConfigurationReference = 08EE6A91EC5A4A5225BD8DDE /* Pods.debug.xcconfig */;
			buildSettings = {
				ASSETCATALOG_COMPILER_APPICON_NAME = AppIcon;
				INFOPLIST_FILE = AutolayoutScrollViewInCode/Info.plist;
				LD_RUNPATH_SEARCH_PATHS = "$(inherited) @executable_path/Frameworks";
				PRODUCT_BUNDLE_IDENTIFIER = neuzxy.AutolayoutScrollViewInCode;
				PRODUCT_NAME = "$(TARGET_NAME)";
			};
			name = Debug;
		};
		9B21A7DA1C27E49A00061A86 /* Release */ = {
			isa = XCBuildConfiguration;
			baseConfigurationReference = 4A5F929500E679701B1FD0C4 /* Pods.release.xcconfig */;
			buildSettings = {
				ASSETCATALOG_COMPILER_APPICON_NAME = AppIcon;
				INFOPLIST_FILE = AutolayoutScrollViewInCode/Info.plist;
				LD_RUNPATH_SEARCH_PATHS = "$(inherited) @executable_path/Frameworks";
				PRODUCT_BUNDLE_IDENTIFIER = neuzxy.AutolayoutScrollViewInCode;
				PRODUCT_NAME = "$(TARGET_NAME)";
			};
			name = Release;
		};
		9B21A7DC1C27E49A00061A86 /* Debug */ = {
			isa = XCBuildConfiguration;
			buildSettings = {
				BUNDLE_LOADER = "$(TEST_HOST)";
				INFOPLIST_FILE = AutolayoutScrollViewInCodeTests/Info.plist;
				LD_RUNPATH_SEARCH_PATHS = "$(inherited) @executable_path/Frameworks @loader_path/Frameworks";
				PRODUCT_BUNDLE_IDENTIFIER = neuzxy.AutolayoutScrollViewInCodeTests;
				PRODUCT_NAME = "$(TARGET_NAME)";
				TEST_HOST = "$(BUILT_PRODUCTS_DIR)/AutolayoutScrollViewInCode.app/AutolayoutScrollViewInCode";
			};
			name = Debug;
		};
		9B21A7DD1C27E49A00061A86 /* Release */ = {
			isa = XCBuildConfiguration;
			buildSettings = {
				BUNDLE_LOADER = "$(TEST_HOST)";
				INFOPLIST_FILE = AutolayoutScrollViewInCodeTests/Info.plist;
				LD_RUNPATH_SEARCH_PATHS = "$(inherited) @executable_path/Frameworks @loader_path/Frameworks";
				PRODUCT_BUNDLE_IDENTIFIER = neuzxy.AutolayoutScrollViewInCodeTests;
				PRODUCT_NAME = "$(TARGET_NAME)";
				TEST_HOST = "$(BUILT_PRODUCTS_DIR)/AutolayoutScrollViewInCode.app/AutolayoutScrollViewInCode";
			};
			name = Release;
		};
		9B21A7DF1C27E49A00061A86 /* Debug */ = {
			isa = XCBuildConfiguration;
			buildSettings = {
				INFOPLIST_FILE = AutolayoutScrollViewInCodeUITests/Info.plist;
				LD_RUNPATH_SEARCH_PATHS = "$(inherited) @executable_path/Frameworks @loader_path/Frameworks";
				PRODUCT_BUNDLE_IDENTIFIER = neuzxy.AutolayoutScrollViewInCodeUITests;
				PRODUCT_NAME = "$(TARGET_NAME)";
				TEST_TARGET_NAME = AutolayoutScrollViewInCode;
				USES_XCTRUNNER = YES;
			};
			name = Debug;
		};
		9B21A7E01C27E49A00061A86 /* Release */ = {
			isa = XCBuildConfiguration;
			buildSettings = {
				INFOPLIST_FILE = AutolayoutScrollViewInCodeUITests/Info.plist;
				LD_RUNPATH_SEARCH_PATHS = "$(inherited) @executable_path/Frameworks @loader_path/Frameworks";
				PRODUCT_BUNDLE_IDENTIFIER = neuzxy.AutolayoutScrollViewInCodeUITests;
				PRODUCT_NAME = "$(TARGET_NAME)";
				TEST_TARGET_NAME = AutolayoutScrollViewInCode;
				USES_XCTRUNNER = YES;
			};
			name = Release;
		};
/* End XCBuildConfiguration section */

/* Begin XCConfigurationList section */
		9B21A7AB1C27E49A00061A86 /* Build configuration list for PBXProject "AutolayoutScrollViewInCode" */ = {
			isa = XCConfigurationList;
			buildConfigurations = (
				9B21A7D61C27E49A00061A86 /* Debug */,
				9B21A7D71C27E49A00061A86 /* Release */,
			);
			defaultConfigurationIsVisible = 0;
			defaultConfigurationName = Release;
		};
		9B21A7D81C27E49A00061A86 /* Build configuration list for PBXNativeTarget "AutolayoutScrollViewInCode" */ = {
			isa = XCConfigurationList;
			buildConfigurations = (
				9B21A7D91C27E49A00061A86 /* Debug */,
				9B21A7DA1C27E49A00061A86 /* Release */,
			);
			defaultConfigurationIsVisible = 0;
			defaultConfigurationName = Release;
		};
		9B21A7DB1C27E49A00061A86 /* Build configuration list for PBXNativeTarget "AutolayoutScrollViewInCodeTests" */ = {
			isa = XCConfigurationList;
			buildConfigurations = (
				9B21A7DC1C27E49A00061A86 /* Debug */,
				9B21A7DD1C27E49A00061A86 /* Release */,
			);
			defaultConfigurationIsVisible = 0;
			defaultConfigurationName = Release;
		};
		9B21A7DE1C27E49A00061A86 /* Build configuration list for PBXNativeTarget "AutolayoutScrollViewInCodeUITests" */ = {
			isa = XCConfigurationList;
			buildConfigurations = (
				9B21A7DF1C27E49A00061A86 /* Debug */,
				9B21A7E01C27E49A00061A86 /* Release */,
			);
			defaultConfigurationIsVisible = 0;
			defaultConfigurationName = Release;
		};
/* End XCConfigurationList section */
	};
	rootObject = 9B21A7A81C27E49A00061A86 /* Project object */;
}
