// !$*UTF8*$!
{
	archiveVersion = 1;
	classes = {
	};
	objectVersion = 46;
	objects = {

/* Begin PBXBuildFile section */
		9B42E7E41C4A0CD40097CD7C /* main.swift in Sources */ = {isa = PBXBuildFile; fileRef = 9B42E7E31C4A0CD40097CD7C /* main.swift */; };
		9B42E7EC1C4A0D090097CD7C /* extension.swift in Sources */ = {isa = PBXBuildFile; fileRef = 9B42E7EA1C4A0D090097CD7C /* extension.swift */; };
		9B42E7ED1C4A0D090097CD7C /* test.swift in Sources */ = {isa = PBXBuildFile; fileRef = 9B42E7EB1C4A0D090097CD7C /* test.swift */; };
/* End PBXBuildFile section */

/* Begin PBXCopyFilesBuildPhase section */
		9B42E7DE1C4A0CD40097CD7C /* CopyFiles */ = {
			isa = PBXCopyFilesBuildPhase;
			buildActionMask = 2147483647;
			dstPath = /usr/share/man/man1/;
			dstSubfolderSpec = 0;
			files = (
			);
			runOnlyForDeploymentPostprocessing = 1;
		};
/* End PBXCopyFilesBuildPhase section */

/* Begin PBXFileReference section */
		9B42E7E01C4A0CD40097CD7C /* ParallelMap */ = {isa = PBXFileReference; explicitFileType = "compiled.mach-o.executable"; includeInIndex = 0; path = ParallelMap; sourceTree = BUILT_PRODUCTS_DIR; };
		9B42E7E31C4A0CD40097CD7C /* main.swift */ = {isa = PBXFileReference; lastKnownFileType = sourcecode.swift; path = main.swift; sourceTree = "<group>"; };
		9B42E7EA1C4A0D090097CD7C /* extension.swift */ = {isa = PBXFileReference; fileEncoding = 4; lastKnownFileType = sourcecode.swift; path = extension.swift; sourceTree = "<group>"; };
		9B42E7EB1C4A0D090097CD7C /* test.swift */ = {isa = PBXFileReference; fileEncoding = 4; lastKnownFileType = sourcecode.swift; path = test.swift; sourceTree = "<group>"; };
/* End PBXFileReference section */

/* Begin PBXFrameworksBuildPhase section */
		9B42E7DD1C4A0CD40097CD7C /* Frameworks */ = {
			isa = PBXFrameworksBuildPhase;
			buildActionMask = 2147483647;
			files = (
			);
			runOnlyForDeploymentPostprocessing = 0;
		};
/* End PBXFrameworksBuildPhase section */

/* Begin PBXGroup section */
		9B42E7D71C4A0CD40097CD7C = {
			isa = PBXGroup;
			children = (
				9B42E7E21C4A0CD40097CD7C /* ParallelMap */,
				9B42E7E11C4A0CD40097CD7C /* Products */,
			);
			sourceTree = "<group>";
		};
		9B42E7E11C4A0CD40097CD7C /* Products */ = {
			isa = PBXGroup;
			children = (
				9B42E7E01C4A0CD40097CD7C /* ParallelMap */,
			);
			name = Products;
			sourceTree = "<group>";
		};
		9B42E7E21C4A0CD40097CD7C /* ParallelMap */ = {
			isa = PBXGroup;
			children = (
				9B42E7E31C4A0CD40097CD7C /* main.swift */,
				9B42E7EA1C4A0D090097CD7C /* extension.swift */,
				9B42E7EB1C4A0D090097CD7C /* test.swift */,
			);
			path = ParallelMap;
			sourceTree = "<group>";
		};
/* End PBXGroup section */

/* Begin PBXNativeTarget section */
		9B42E7DF1C4A0CD40097CD7C /* ParallelMap */ = {
			isa = PBXNativeTarget;
			buildConfigurationList = 9B42E7E71C4A0CD40097CD7C /* Build configuration list for PBXNativeTarget "ParallelMap" */;
			buildPhases = (
				9B42E7DC1C4A0CD40097CD7C /* Sources */,
				9B42E7DD1C4A0CD40097CD7C /* Frameworks */,
				9B42E7DE1C4A0CD40097CD7C /* CopyFiles */,
			);
			buildRules = (
			);
			dependencies = (
			);
			name = ParallelMap;
			productName = ParallelMap;
			productReference = 9B42E7E01C4A0CD40097CD7C /* ParallelMap */;
			productType = "com.apple.product-type.tool";
		};
/* End PBXNativeTarget section */

/* Begin PBXProject section */
		9B42E7D81C4A0CD40097CD7C /* Project object */ = {
			isa = PBXProject;
			attributes = {
				LastSwiftUpdateCheck = 0720;
				LastUpgradeCheck = 0720;
				ORGANIZATIONNAME = zxy;
				TargetAttributes = {
					9B42E7DF1C4A0CD40097CD7C = {
						CreatedOnToolsVersion = 7.2;
					};
				};
			};
			buildConfigurationList = 9B42E7DB1C4A0CD40097CD7C /* Build configuration list for PBXProject "ParallelMap" */;
			compatibilityVersion = "Xcode 3.2";
			developmentRegion = English;
			hasScannedForEncodings = 0;
			knownRegions = (
				en,
			);
			mainGroup = 9B42E7D71C4A0CD40097CD7C;
			productRefGroup = 9B42E7E11C4A0CD40097CD7C /* Products */;
			projectDirPath = "";
			projectRoot = "";
			targets = (
				9B42E7DF1C4A0CD40097CD7C /* ParallelMap */,
			);
		};
/* End PBXProject section */

/* Begin PBXSourcesBuildPhase section */
		9B42E7DC1C4A0CD40097CD7C /* Sources */ = {
			isa = PBXSourcesBuildPhase;
			buildActionMask = 2147483647;
			files = (
				9B42E7E41C4A0CD40097CD7C /* main.swift in Sources */,
				9B42E7ED1C4A0D090097CD7C /* test.swift in Sources */,
				9B42E7EC1C4A0D090097CD7C /* extension.swift in Sources */,
			);
			runOnlyForDeploymentPostprocessing = 0;
		};
/* End PBXSourcesBuildPhase section */

/* Begin XCBuildConfiguration section */
		9B42E7E51C4A0CD40097CD7C /* Debug */ = {
			isa = XCBuildConfiguration;
			buildSettings = {
				ALWAYS_SEARCH_USER_PATHS = NO;
				CLANG_CXX_LANGUAGE_STANDARD = "gnu++0x";
				CLANG_CXX_LIBRARY = "libc++";
				CLANG_ENABLE_MODULES = YES;
				CLANG_ENABLE_OBJC_ARC = YES;
				CLANG_WARN_BOOL_CONVERSION = YES;
				CLANG_WARN_CONSTANT_CONVERSION = YES;
				CLANG_WARN_DIRECT_OBJC_ISA_USAGE = YES_ERROR;
				CLANG_WARN_EMPTY_BODY = YES;
				CLANG_WARN_ENUM_CONVERSION = YES;
				CLANG_WARN_INT_CONVERSION = YES;
				CLANG_WARN_OBJC_ROOT_CLASS = YES_ERROR;
				CLANG_WARN_UNREACHABLE_CODE = YES;
				CLANG_WARN__DUPLICATE_METHOD_MATCH = YES;
				CODE_SIGN_IDENTITY = "-";
				COPY_PHASE_STRIP = NO;
				DEBUG_INFORMATION_FORMAT = dwarf;
				ENABLE_STRICT_OBJC_MSGSEND = YES;
				ENABLE_TESTABILITY = YES;
				GCC_C_LANGUAGE_STANDARD = gnu99;
				GCC_DYNAMIC_NO_PIC = NO;
				GCC_NO_COMMON_BLOCKS = YES;
				GCC_OPTIMIZATION_LEVEL = 0;
				GCC_PREPROCESSOR_DEFINITIONS = (
					"DEBUG=1",
					"$(inherited)",
				);
				GCC_WARN_64_TO_32_BIT_CONVERSION = YES;
				GCC_WARN_ABOUT_RETURN_TYPE = YES_ERROR;
				GCC_WARN_UNDECLARED_SELECTOR = YES;
				GCC_WARN_UNINITIALIZED_AUTOS = YES_AGGRESSIVE;
				GCC_WARN_UNUSED_FUNCTION = YES;
				GCC_WARN_UNUSED_VARIABLE = YES;
				MACOSX_DEPLOYMENT_TARGET = 10.11;
				MTL_ENABLE_DEBUG_INFO = YES;
				ONLY_ACTIVE_ARCH = YES;
				SDKROOT = macosx;
				SWIFT_OPTIMIZATION_LEVEL = "-Onone";
			};
			name = Debug;
		};
		9B42E7E61C4A0CD40097CD7C /* Release */ = {
			isa = XCBuildConfiguration;
			buildSettings = {
				ALWAYS_SEARCH_USER_PATHS = NO;
				CLANG_CXX_LANGUAGE_STANDARD = "gnu++0x";
				CLANG_CXX_LIBRARY = "libc++";
				CLANG_ENABLE_MODULES = YES;
				CLANG_ENABLE_OBJC_ARC = YES;
				CLANG_WARN_BOOL_CONVERSION = YES;
				CLANG_WARN_CONSTANT_CONVERSION = YES;
				CLANG_WARN_DIRECT_OBJC_ISA_USAGE = YES_ERROR;
				CLANG_WARN_EMPTY_BODY = YES;
				CLANG_WARN_ENUM_CONVERSION = YES;
				CLANG_WARN_INT_CONVERSION = YES;
				CLANG_WARN_OBJC_ROOT_CLASS = YES_ERROR;
				CLANG_WARN_UNREACHABLE_CODE = YES;
				CLANG_WARN__DUPLICATE_METHOD_MATCH = YES;
				CODE_SIGN_IDENTITY = "-";
				COPY_PHASE_STRIP = NO;
				DEBUG_INFORMATION_FORMAT = "dwarf-with-dsym";
				ENABLE_NS_ASSERTIONS = NO;
				ENABLE_STRICT_OBJC_MSGSEND = YES;
				GCC_C_LANGUAGE_STANDARD = gnu99;
				GCC_NO_COMMON_BLOCKS = YES;
				GCC_WARN_64_TO_32_BIT_CONVERSION = YES;
				GCC_WARN_ABOUT_RETURN_TYPE = YES_ERROR;
				GCC_WARN_UNDECLARED_SELECTOR = YES;
				GCC_WARN_UNINITIALIZED_AUTOS = YES_AGGRESSIVE;
				GCC_WARN_UNUSED_FUNCTION = YES;
				GCC_WARN_UNUSED_VARIABLE = YES;
				MACOSX_DEPLOYMENT_TARGET = 10.11;
				MTL_ENABLE_DEBUG_INFO = NO;
				SDKROOT = macosx;
			};
			name = Release;
		};
		9B42E7E81C4A0CD40097CD7C /* Debug */ = {
			isa = XCBuildConfiguration;
			buildSettings = {
				PRODUCT_NAME = "$(TARGET_NAME)";
			};
			name = Debug;
		};
		9B42E7E91C4A0CD40097CD7C /* Release */ = {
			isa = XCBuildConfiguration;
			buildSettings = {
				PRODUCT_NAME = "$(TARGET_NAME)";
			};
			name = Release;
		};
/* End XCBuildConfiguration section */

/* Begin XCConfigurationList section */
		9B42E7DB1C4A0CD40097CD7C /* Build configuration list for PBXProject "ParallelMap" */ = {
			isa = XCConfigurationList;
			buildConfigurations = (
				9B42E7E51C4A0CD40097CD7C /* Debug */,
				9B42E7E61C4A0CD40097CD7C /* Release */,
			);
			defaultConfigurationIsVisible = 0;
			defaultConfigurationName = Release;
		};
		9B42E7E71C4A0CD40097CD7C /* Build configuration list for PBXNativeTarget "ParallelMap" */ = {
			isa = XCConfigurationList;
			buildConfigurations = (
				9B42E7E81C4A0CD40097CD7C /* Debug */,
				9B42E7E91C4A0CD40097CD7C /* Release */,
			);
			defaultConfigurationIsVisible = 0;
		};
/* End XCConfigurationList section */
	};
	rootObject = 9B42E7D81C4A0CD40097CD7C /* Project object */;
}
