// !$*UTF8*$!
{
	archiveVersion = 1;
	classes = {
	};
	objectVersion = 46;
	objects = {

/* Begin PBXBuildFile section */
		9B71F0681C5B8A020002C59D /* main.swift in Sources */ = {isa = PBXBuildFile; fileRef = 9B71F0671C5B8A020002C59D /* main.swift */; };
		9B71F06F1C5B8F8E0002C59D /* InlineLazy.swift in Sources */ = {isa = PBXBuildFile; fileRef = 9B71F06E1C5B8F8E0002C59D /* InlineLazy.swift */; };
		9B71F0711C5BA1620002C59D /* SpecialLiteral.swift in Sources */ = {isa = PBXBuildFile; fileRef = 9B71F0701C5BA1620002C59D /* SpecialLiteral.swift */; };
		9B71F0731C5BA38E0002C59D /* LoopLabel.swift in Sources */ = {isa = PBXBuildFile; fileRef = 9B71F0721C5BA38E0002C59D /* LoopLabel.swift */; };
/* End PBXBuildFile section */

/* Begin PBXCopyFilesBuildPhase section */
		9B71F0621C5B8A020002C59D /* CopyFiles */ = {
			isa = PBXCopyFilesBuildPhase;
			buildActionMask = 2147483647;
			dstPath = /usr/share/man/man1/;
			dstSubfolderSpec = 0;
			files = (
			);
			runOnlyForDeploymentPostprocessing = 1;
		};
/* End PBXCopyFilesBuildPhase section */

/* Begin PBXFileReference section */
		9B71F0641C5B8A020002C59D /* SwiftMysterious */ = {isa = PBXFileReference; explicitFileType = "compiled.mach-o.executable"; includeInIndex = 0; path = SwiftMysterious; sourceTree = BUILT_PRODUCTS_DIR; };
		9B71F0671C5B8A020002C59D /* main.swift */ = {isa = PBXFileReference; lastKnownFileType = sourcecode.swift; path = main.swift; sourceTree = "<group>"; };
		9B71F06E1C5B8F8E0002C59D /* InlineLazy.swift */ = {isa = PBXFileReference; fileEncoding = 4; lastKnownFileType = sourcecode.swift; path = InlineLazy.swift; sourceTree = "<group>"; };
		9B71F0701C5BA1620002C59D /* SpecialLiteral.swift */ = {isa = PBXFileReference; fileEncoding = 4; lastKnownFileType = sourcecode.swift; path = SpecialLiteral.swift; sourceTree = "<group>"; };
		9B71F0721C5BA38E0002C59D /* LoopLabel.swift */ = {isa = PBXFileReference; fileEncoding = 4; lastKnownFileType = sourcecode.swift; path = LoopLabel.swift; sourceTree = "<group>"; };
/* End PBXFileReference section */

/* Begin PBXFrameworksBuildPhase section */
		9B71F0611C5B8A020002C59D /* Frameworks */ = {
			isa = PBXFrameworksBuildPhase;
			buildActionMask = 2147483647;
			files = (
			);
			runOnlyForDeploymentPostprocessing = 0;
		};
/* End PBXFrameworksBuildPhase section */

/* Begin PBXGroup section */
		9B71F05B1C5B8A020002C59D = {
			isa = PBXGroup;
			children = (
				9B71F0661C5B8A020002C59D /* SwiftMysterious */,
				9B71F0651C5B8A020002C59D /* Products */,
			);
			sourceTree = "<group>";
		};
		9B71F0651C5B8A020002C59D /* Products */ = {
			isa = PBXGroup;
			children = (
				9B71F0641C5B8A020002C59D /* SwiftMysterious */,
			);
			name = Products;
			sourceTree = "<group>";
		};
		9B71F0661C5B8A020002C59D /* SwiftMysterious */ = {
			isa = PBXGroup;
			children = (
				9B71F0671C5B8A020002C59D /* main.swift */,
				9B71F06E1C5B8F8E0002C59D /* InlineLazy.swift */,
				9B71F0701C5BA1620002C59D /* SpecialLiteral.swift */,
				9B71F0721C5BA38E0002C59D /* LoopLabel.swift */,
			);
			path = SwiftMysterious;
			sourceTree = "<group>";
		};
/* End PBXGroup section */

/* Begin PBXNativeTarget section */
		9B71F0631C5B8A020002C59D /* SwiftMysterious */ = {
			isa = PBXNativeTarget;
			buildConfigurationList = 9B71F06B1C5B8A020002C59D /* Build configuration list for PBXNativeTarget "SwiftMysterious" */;
			buildPhases = (
				9B71F0601C5B8A020002C59D /* Sources */,
				9B71F0611C5B8A020002C59D /* Frameworks */,
				9B71F0621C5B8A020002C59D /* CopyFiles */,
			);
			buildRules = (
			);
			dependencies = (
			);
			name = SwiftMysterious;
			productName = SwiftMysterious;
			productReference = 9B71F0641C5B8A020002C59D /* SwiftMysterious */;
			productType = "com.apple.product-type.tool";
		};
/* End PBXNativeTarget section */

/* Begin PBXProject section */
		9B71F05C1C5B8A020002C59D /* Project object */ = {
			isa = PBXProject;
			attributes = {
				LastSwiftUpdateCheck = 0720;
				LastUpgradeCheck = 0720;
				ORGANIZATIONNAME = zxy;
				TargetAttributes = {
					9B71F0631C5B8A020002C59D = {
						CreatedOnToolsVersion = 7.2;
					};
				};
			};
			buildConfigurationList = 9B71F05F1C5B8A020002C59D /* Build configuration list for PBXProject "SwiftMysterious" */;
			compatibilityVersion = "Xcode 3.2";
			developmentRegion = English;
			hasScannedForEncodings = 0;
			knownRegions = (
				en,
			);
			mainGroup = 9B71F05B1C5B8A020002C59D;
			productRefGroup = 9B71F0651C5B8A020002C59D /* Products */;
			projectDirPath = "";
			projectRoot = "";
			targets = (
				9B71F0631C5B8A020002C59D /* SwiftMysterious */,
			);
		};
/* End PBXProject section */

/* Begin PBXSourcesBuildPhase section */
		9B71F0601C5B8A020002C59D /* Sources */ = {
			isa = PBXSourcesBuildPhase;
			buildActionMask = 2147483647;
			files = (
				9B71F0731C5BA38E0002C59D /* LoopLabel.swift in Sources */,
				9B71F06F1C5B8F8E0002C59D /* InlineLazy.swift in Sources */,
				9B71F0681C5B8A020002C59D /* main.swift in Sources */,
				9B71F0711C5BA1620002C59D /* SpecialLiteral.swift in Sources */,
			);
			runOnlyForDeploymentPostprocessing = 0;
		};
/* End PBXSourcesBuildPhase section */

/* Begin XCBuildConfiguration section */
		9B71F0691C5B8A020002C59D /* Debug */ = {
			isa = XCBuildConfiguration;
			buildSettings = {
				ALWAYS_SEARCH_USER_PATHS = NO;
				CLANG_CXX_LANGUAGE_STANDARD = "gnu++0x";
				CLANG_CXX_LIBRARY = "libc++";
				CLANG_ENABLE_MODULES = YES;
				CLANG_ENABLE_OBJC_ARC = YES;
				CLANG_WARN_BOOL_CONVERSION = YES;
				CLANG_WARN_CONSTANT_CONVERSION = YES;
				CLANG_WARN_DIRECT_OBJC_ISA_USAGE = YES_ERROR;
				CLANG_WARN_EMPTY_BODY = YES;
				CLANG_WARN_ENUM_CONVERSION = YES;
				CLANG_WARN_INT_CONVERSION = YES;
				CLANG_WARN_OBJC_ROOT_CLASS = YES_ERROR;
				CLANG_WARN_UNREACHABLE_CODE = YES;
				CLANG_WARN__DUPLICATE_METHOD_MATCH = YES;
				CODE_SIGN_IDENTITY = "-";
				COPY_PHASE_STRIP = NO;
				DEBUG_INFORMATION_FORMAT = dwarf;
				ENABLE_STRICT_OBJC_MSGSEND = YES;
				ENABLE_TESTABILITY = YES;
				GCC_C_LANGUAGE_STANDARD = gnu99;
				GCC_DYNAMIC_NO_PIC = NO;
				GCC_NO_COMMON_BLOCKS = YES;
				GCC_OPTIMIZATION_LEVEL = 0;
				GCC_PREPROCESSOR_DEFINITIONS = (
					"DEBUG=1",
					"$(inherited)",
				);
				GCC_WARN_64_TO_32_BIT_CONVERSION = YES;
				GCC_WARN_ABOUT_RETURN_TYPE = YES_ERROR;
				GCC_WARN_UNDECLARED_SELECTOR = YES;
				GCC_WARN_UNINITIALIZED_AUTOS = YES_AGGRESSIVE;
				GCC_WARN_UNUSED_FUNCTION = YES;
				GCC_WARN_UNUSED_VARIABLE = YES;
				MACOSX_DEPLOYMENT_TARGET = 10.11;
				MTL_ENABLE_DEBUG_INFO = YES;
				ONLY_ACTIVE_ARCH = YES;
				SDKROOT = macosx;
				SWIFT_OPTIMIZATION_LEVEL = "-Onone";
			};
			name = Debug;
		};
		9B71F06A1C5B8A020002C59D /* Release */ = {
			isa = XCBuildConfiguration;
			buildSettings = {
				ALWAYS_SEARCH_USER_PATHS = NO;
				CLANG_CXX_LANGUAGE_STANDARD = "gnu++0x";
				CLANG_CXX_LIBRARY = "libc++";
				CLANG_ENABLE_MODULES = YES;
				CLANG_ENABLE_OBJC_ARC = YES;
				CLANG_WARN_BOOL_CONVERSION = YES;
				CLANG_WARN_CONSTANT_CONVERSION = YES;
				CLANG_WARN_DIRECT_OBJC_ISA_USAGE = YES_ERROR;
				CLANG_WARN_EMPTY_BODY = YES;
				CLANG_WARN_ENUM_CONVERSION = YES;
				CLANG_WARN_INT_CONVERSION = YES;
				CLANG_WARN_OBJC_ROOT_CLASS = YES_ERROR;
				CLANG_WARN_UNREACHABLE_CODE = YES;
				CLANG_WARN__DUPLICATE_METHOD_MATCH = YES;
				CODE_SIGN_IDENTITY = "-";
				COPY_PHASE_STRIP = NO;
				DEBUG_INFORMATION_FORMAT = "dwarf-with-dsym";
				ENABLE_NS_ASSERTIONS = NO;
				ENABLE_STRICT_OBJC_MSGSEND = YES;
				GCC_C_LANGUAGE_STANDARD = gnu99;
				GCC_NO_COMMON_BLOCKS = YES;
				GCC_WARN_64_TO_32_BIT_CONVERSION = YES;
				GCC_WARN_ABOUT_RETURN_TYPE = YES_ERROR;
				GCC_WARN_UNDECLARED_SELECTOR = YES;
				GCC_WARN_UNINITIALIZED_AUTOS = YES_AGGRESSIVE;
				GCC_WARN_UNUSED_FUNCTION = YES;
				GCC_WARN_UNUSED_VARIABLE = YES;
				MACOSX_DEPLOYMENT_TARGET = 10.11;
				MTL_ENABLE_DEBUG_INFO = NO;
				SDKROOT = macosx;
			};
			name = Release;
		};
		9B71F06C1C5B8A020002C59D /* Debug */ = {
			isa = XCBuildConfiguration;
			buildSettings = {
				PRODUCT_NAME = "$(TARGET_NAME)";
			};
			name = Debug;
		};
		9B71F06D1C5B8A020002C59D /* Release */ = {
			isa = XCBuildConfiguration;
			buildSettings = {
				PRODUCT_NAME = "$(TARGET_NAME)";
			};
			name = Release;
		};
/* End XCBuildConfiguration section */

/* Begin XCConfigurationList section */
		9B71F05F1C5B8A020002C59D /* Build configuration list for PBXProject "SwiftMysterious" */ = {
			isa = XCConfigurationList;
			buildConfigurations = (
				9B71F0691C5B8A020002C59D /* Debug */,
				9B71F06A1C5B8A020002C59D /* Release */,
			);
			defaultConfigurationIsVisible = 0;
			defaultConfigurationName = Release;
		};
		9B71F06B1C5B8A020002C59D /* Build configuration list for PBXNativeTarget "SwiftMysterious" */ = {
			isa = XCConfigurationList;
			buildConfigurations = (
				9B71F06C1C5B8A020002C59D /* Debug */,
				9B71F06D1C5B8A020002C59D /* Release */,
			);
			defaultConfigurationIsVisible = 0;
		};
/* End XCConfigurationList section */
	};
	rootObject = 9B71F05C1C5B8A020002C59D /* Project object */;
}
